
Microsoft Visual Studio Solution File, Format Version 12.00
# Visual Studio Version 17
VisualStudioVersion = 17.5.002.0
MinimumVisualStudioVersion = 10.0.40219.1
Project("{9A19103F-16F7-4668-BE54-9A1E7A4F7556}") = "ExemplosAbasstratasInterfacesPOO", "ExemplosAbasstratasInterfacesPOO.csproj", "{595ACD4A-BC0A-416C-8169-ECED0426100F}"
EndProject
Global
	GlobalSection(SolutionConfigurationPlatforms) = preSolution
		Debug|Any CPU = Debug|Any CPU
		Release|Any CPU = Release|Any CPU
	EndGlobalSection
	GlobalSection(ProjectConfigurationPlatforms) = postSolution
		{595ACD4A-BC0A-416C-8169-ECED0426100F}.Debug|Any CPU.ActiveCfg = Debug|Any CPU
		{595ACD4A-BC0A-416C-8169-ECED0426100F}.Debug|Any CPU.Build.0 = Debug|Any CPU
		{595ACD4A-BC0A-416C-8169-ECED0426100F}.Release|Any CPU.ActiveCfg = Release|Any CPU
		{595ACD4A-BC0A-416C-8169-ECED0426100F}.Release|Any CPU.Build.0 = Release|Any CPU
	EndGlobalSection
	GlobalSection(SolutionProperties) = preSolution
		HideSolutionNode = FALSE
	EndGlobalSection
	GlobalSection(ExtensibilityGlobals) = postSolution
		SolutionGuid = {0FA5F567-1595-4E93-9F62-1903EC5DC73C}
	EndGlobalSection
EndGlobal
